// !$*UTF8*$!
{
	archiveVersion = 1;
	classes = {
	};
	objectVersion = 56;
	objects = {

/* Begin PBXBuildFile section */
		0C3618D72B3F58F90063C700 /* .gitignore in Resources */ = {isa = PBXBuildFile; fileRef = 0C3618D62B3F58F90063C700 /* .gitignore */; };
		0C3618DA2B3F8DA30063C700 /* SocketIO in Frameworks */ = {isa = PBXBuildFile; productRef = 0C3618D92B3F8DA30063C700 /* SocketIO */; };
		0C3618DC2B3F8DE80063C700 /* DrawingWebSocketManager.swift in Sources */ = {isa = PBXBuildFile; fileRef = 0C3618DB2B3F8DE80063C700 /* DrawingWebSocketManager.swift */; };
		0C7A1E142B68AE3600EEF7A1 /* DrawingData.swift in Sources */ = {isa = PBXBuildFile; fileRef = 0C7A1E132B68AE3600EEF7A1 /* DrawingData.swift */; };
		0C7A1E1A2B81940500EEF7A1 /* DrawCanvasView.swift in Sources */ = {isa = PBXBuildFile; fileRef = 0C7A1E192B81940500EEF7A1 /* DrawCanvasView.swift */; };
		0C7FAF922B8AC49800414335 /* VoteForPlayersOverlayView.swift in Sources */ = {isa = PBXBuildFile; fileRef = 0C7FAF912B8AC49800414335 /* VoteForPlayersOverlayView.swift */; };
		0C7FAF942B93E77100414335 /* PointsDistributionView.swift in Sources */ = {isa = PBXBuildFile; fileRef = 0C7FAF932B93E77100414335 /* PointsDistributionView.swift */; };
		0C7FAF962B942CC300414335 /* LoadingNewRoundView.swift in Sources */ = {isa = PBXBuildFile; fileRef = 0C7FAF952B942CC300414335 /* LoadingNewRoundView.swift */; };
		0C7FAF982B9D050400414335 /* FakeArtistSayingTitleView.swift in Sources */ = {isa = PBXBuildFile; fileRef = 0C7FAF972B9D050400414335 /* FakeArtistSayingTitleView.swift */; };
		0C7FAF9A2B9D0A6100414335 /* GuessTitleView.swift in Sources */ = {isa = PBXBuildFile; fileRef = 0C7FAF992B9D0A6100414335 /* GuessTitleView.swift */; };
		0C7FAF9C2B9D0C2D00414335 /* SpeechBubbleTriangle.swift in Sources */ = {isa = PBXBuildFile; fileRef = 0C7FAF9B2B9D0C2D00414335 /* SpeechBubbleTriangle.swift */; };
		0C7FAF9E2B9D851500414335 /* GameWinnerView.swift in Sources */ = {isa = PBXBuildFile; fileRef = 0C7FAF9D2B9D851500414335 /* GameWinnerView.swift */; };
		0C7FAFA02BA6113A00414335 /* SubscriptionManager.swift in Sources */ = {isa = PBXBuildFile; fileRef = 0C7FAF9F2BA6113A00414335 /* SubscriptionManager.swift */; };
		0C8B1F802B3FBFEA00D250CB /* GameCodeDisplay.swift in Sources */ = {isa = PBXBuildFile; fileRef = 0C8B1F7F2B3FBFEA00D250CB /* GameCodeDisplay.swift */; };
		0C8B1F832B3FE6E100D250CB /* GlobalStateManager.swift in Sources */ = {isa = PBXBuildFile; fileRef = 0C8B1F822B3FE6E100D250CB /* GlobalStateManager.swift */; };
		0CC27AE92B3D260400F88012 /* OutlineButtonStyle.swift in Sources */ = {isa = PBXBuildFile; fileRef = 0CC27AE82B3D260400F88012 /* OutlineButtonStyle.swift */; };
		0CC27AEB2B3D2F6900F88012 /* NewGameSheet.swift in Sources */ = {isa = PBXBuildFile; fileRef = 0CC27AEA2B3D2F6900F88012 /* NewGameSheet.swift */; };
		0CC27AED2B3DF92A00F88012 /* JoinGameSheet.swift in Sources */ = {isa = PBXBuildFile; fileRef = 0CC27AEC2B3DF92A00F88012 /* JoinGameSheet.swift */; };
		0CCA6FF32B420C850013F21C /* CommunicationWebSocketManager.swift in Sources */ = {isa = PBXBuildFile; fileRef = 0CCA6FF22B420C850013F21C /* CommunicationWebSocketManager.swift */; };
		0CCA6FF52B43A7D40013F21C /* JoinGamePlayers.swift in Sources */ = {isa = PBXBuildFile; fileRef = 0CCA6FF42B43A7D40013F21C /* JoinGamePlayers.swift */; };
		0CCA6FF72B43C6EB0013F21C /* EnvironmentError.swift in Sources */ = {isa = PBXBuildFile; fileRef = 0CCA6FF62B43C6EB0013F21C /* EnvironmentError.swift */; };
		0CCA6FF92B47B4A70013F21C /* CanvasCommunicationWebSocketManager.swift in Sources */ = {isa = PBXBuildFile; fileRef = 0CCA6FF82B47B4A70013F21C /* CanvasCommunicationWebSocketManager.swift */; };
		0CCA6FFB2B47BD2A0013F21C /* RoleDisplayView.swift in Sources */ = {isa = PBXBuildFile; fileRef = 0CCA6FFA2B47BD2A0013F21C /* RoleDisplayView.swift */; };
		0CCA6FFD2B4909E70013F21C /* VisualEffectView.swift in Sources */ = {isa = PBXBuildFile; fileRef = 0CCA6FFC2B4909E70013F21C /* VisualEffectView.swift */; };
		0CCA6FFF2B4A76410013F21C /* QuestionMasterSayingThemeView.swift in Sources */ = {isa = PBXBuildFile; fileRef = 0CCA6FFE2B4A76410013F21C /* QuestionMasterSayingThemeView.swift */; };
		0CCA70012B53730D0013F21C /* CardView.swift in Sources */ = {isa = PBXBuildFile; fileRef = 0CCA70002B53730D0013F21C /* CardView.swift */; };
		0CCA70032B53B7660013F21C /* PickTitleAndThemeView.swift in Sources */ = {isa = PBXBuildFile; fileRef = 0CCA70022B53B7660013F21C /* PickTitleAndThemeView.swift */; };
		0CE5C4EC2B3804C6009B4F08 /* fake_artist_iosApp.swift in Sources */ = {isa = PBXBuildFile; fileRef = 0CE5C4EB2B3804C6009B4F08 /* fake_artist_iosApp.swift */; };
		0CE5C4EE2B3804C6009B4F08 /* Home.swift in Sources */ = {isa = PBXBuildFile; fileRef = 0CE5C4ED2B3804C6009B4F08 /* Home.swift */; };
		0CE5C4F02B3804C7009B4F08 /* Assets.xcassets in Resources */ = {isa = PBXBuildFile; fileRef = 0CE5C4EF2B3804C7009B4F08 /* Assets.xcassets */; };
		0CE5C4F32B3804C7009B4F08 /* Preview Assets.xcassets in Resources */ = {isa = PBXBuildFile; fileRef = 0CE5C4F22B3804C7009B4F08 /* Preview Assets.xcassets */; };
		0CE5C4FD2B3804C7009B4F08 /* fake_artist_iosTests.swift in Sources */ = {isa = PBXBuildFile; fileRef = 0CE5C4FC2B3804C7009B4F08 /* fake_artist_iosTests.swift */; };
		0CE5C5072B3804C7009B4F08 /* fake_artist_iosUITests.swift in Sources */ = {isa = PBXBuildFile; fileRef = 0CE5C5062B3804C7009B4F08 /* fake_artist_iosUITests.swift */; };
		0CE5C5092B3804C7009B4F08 /* fake_artist_iosUITestsLaunchTests.swift in Sources */ = {isa = PBXBuildFile; fileRef = 0CE5C5082B3804C7009B4F08 /* fake_artist_iosUITestsLaunchTests.swift */; };
/* End PBXBuildFile section */

/* Begin PBXContainerItemProxy section */
		0CE5C4F92B3804C7009B4F08 /* PBXContainerItemProxy */ = {
			isa = PBXContainerItemProxy;
			containerPortal = 0CE5C4E02B3804C6009B4F08 /* Project object */;
			proxyType = 1;
			remoteGlobalIDString = 0CE5C4E72B3804C6009B4F08;
			remoteInfo = "fake-artist-ios";
		};
		0CE5C5032B3804C7009B4F08 /* PBXContainerItemProxy */ = {
			isa = PBXContainerItemProxy;
			containerPortal = 0CE5C4E02B3804C6009B4F08 /* Project object */;
			proxyType = 1;
			remoteGlobalIDString = 0CE5C4E72B3804C6009B4F08;
			remoteInfo = "fake-artist-ios";
		};
/* End PBXContainerItemProxy section */

/* Begin PBXFileReference section */
		0C3618D62B3F58F90063C700 /* .gitignore */ = {isa = PBXFileReference; lastKnownFileType = text; path = .gitignore; sourceTree = "<group>"; };
		0C3618DB2B3F8DE80063C700 /* DrawingWebSocketManager.swift */ = {isa = PBXFileReference; lastKnownFileType = sourcecode.swift; path = DrawingWebSocketManager.swift; sourceTree = "<group>"; };
		0C7A1E132B68AE3600EEF7A1 /* DrawingData.swift */ = {isa = PBXFileReference; lastKnownFileType = sourcecode.swift; path = DrawingData.swift; sourceTree = "<group>"; };
		0C7A1E192B81940500EEF7A1 /* DrawCanvasView.swift */ = {isa = PBXFileReference; lastKnownFileType = sourcecode.swift; path = DrawCanvasView.swift; sourceTree = "<group>"; };
		0C7FAF912B8AC49800414335 /* VoteForPlayersOverlayView.swift */ = {isa = PBXFileReference; lastKnownFileType = sourcecode.swift; path = VoteForPlayersOverlayView.swift; sourceTree = "<group>"; };
		0C7FAF932B93E77100414335 /* PointsDistributionView.swift */ = {isa = PBXFileReference; lastKnownFileType = sourcecode.swift; path = PointsDistributionView.swift; sourceTree = "<group>"; };
		0C7FAF952B942CC300414335 /* LoadingNewRoundView.swift */ = {isa = PBXFileReference; lastKnownFileType = sourcecode.swift; path = LoadingNewRoundView.swift; sourceTree = "<group>"; };
		0C7FAF972B9D050400414335 /* FakeArtistSayingTitleView.swift */ = {isa = PBXFileReference; lastKnownFileType = sourcecode.swift; path = FakeArtistSayingTitleView.swift; sourceTree = "<group>"; };
		0C7FAF992B9D0A6100414335 /* GuessTitleView.swift */ = {isa = PBXFileReference; lastKnownFileType = sourcecode.swift; path = GuessTitleView.swift; sourceTree = "<group>"; };
		0C7FAF9B2B9D0C2D00414335 /* SpeechBubbleTriangle.swift */ = {isa = PBXFileReference; lastKnownFileType = sourcecode.swift; path = SpeechBubbleTriangle.swift; sourceTree = "<group>"; };
		0C7FAF9D2B9D851500414335 /* GameWinnerView.swift */ = {isa = PBXFileReference; lastKnownFileType = sourcecode.swift; path = GameWinnerView.swift; sourceTree = "<group>"; };
		0C7FAF9F2BA6113A00414335 /* SubscriptionManager.swift */ = {isa = PBXFileReference; lastKnownFileType = sourcecode.swift; path = SubscriptionManager.swift; sourceTree = "<group>"; };
		0C8B1F7F2B3FBFEA00D250CB /* GameCodeDisplay.swift */ = {isa = PBXFileReference; lastKnownFileType = sourcecode.swift; path = GameCodeDisplay.swift; sourceTree = "<group>"; };
		0C8B1F812B3FD6EE00D250CB /* Info.plist */ = {isa = PBXFileReference; lastKnownFileType = text.plist; path = Info.plist; sourceTree = "<group>"; };
		0C8B1F822B3FE6E100D250CB /* GlobalStateManager.swift */ = {isa = PBXFileReference; lastKnownFileType = sourcecode.swift; path = GlobalStateManager.swift; sourceTree = "<group>"; };
		0CC27AE82B3D260400F88012 /* OutlineButtonStyle.swift */ = {isa = PBXFileReference; lastKnownFileType = sourcecode.swift; path = OutlineButtonStyle.swift; sourceTree = "<group>"; };
		0CC27AEA2B3D2F6900F88012 /* NewGameSheet.swift */ = {isa = PBXFileReference; lastKnownFileType = sourcecode.swift; path = NewGameSheet.swift; sourceTree = "<group>"; };
		0CC27AEC2B3DF92A00F88012 /* JoinGameSheet.swift */ = {isa = PBXFileReference; lastKnownFileType = sourcecode.swift; path = JoinGameSheet.swift; sourceTree = "<group>"; };
		0CCA6FF22B420C850013F21C /* CommunicationWebSocketManager.swift */ = {isa = PBXFileReference; lastKnownFileType = sourcecode.swift; path = CommunicationWebSocketManager.swift; sourceTree = "<group>"; };
		0CCA6FF42B43A7D40013F21C /* JoinGamePlayers.swift */ = {isa = PBXFileReference; lastKnownFileType = sourcecode.swift; path = JoinGamePlayers.swift; sourceTree = "<group>"; };
		0CCA6FF62B43C6EB0013F21C /* EnvironmentError.swift */ = {isa = PBXFileReference; lastKnownFileType = sourcecode.swift; path = EnvironmentError.swift; sourceTree = "<group>"; };
		0CCA6FF82B47B4A70013F21C /* CanvasCommunicationWebSocketManager.swift */ = {isa = PBXFileReference; lastKnownFileType = sourcecode.swift; path = CanvasCommunicationWebSocketManager.swift; sourceTree = "<group>"; };
		0CCA6FFA2B47BD2A0013F21C /* RoleDisplayView.swift */ = {isa = PBXFileReference; lastKnownFileType = sourcecode.swift; path = RoleDisplayView.swift; sourceTree = "<group>"; };
		0CCA6FFC2B4909E70013F21C /* VisualEffectView.swift */ = {isa = PBXFileReference; lastKnownFileType = sourcecode.swift; path = VisualEffectView.swift; sourceTree = "<group>"; };
		0CCA6FFE2B4A76410013F21C /* QuestionMasterSayingThemeView.swift */ = {isa = PBXFileReference; lastKnownFileType = sourcecode.swift; path = QuestionMasterSayingThemeView.swift; sourceTree = "<group>"; };
		0CCA70002B53730D0013F21C /* CardView.swift */ = {isa = PBXFileReference; lastKnownFileType = sourcecode.swift; path = CardView.swift; sourceTree = "<group>"; };
		0CCA70022B53B7660013F21C /* PickTitleAndThemeView.swift */ = {isa = PBXFileReference; lastKnownFileType = sourcecode.swift; path = PickTitleAndThemeView.swift; sourceTree = "<group>"; };
		0CE5C4E82B3804C6009B4F08 /* Fake Artist.app */ = {isa = PBXFileReference; explicitFileType = wrapper.application; includeInIndex = 0; path = "Fake Artist.app"; sourceTree = BUILT_PRODUCTS_DIR; };
		0CE5C4EB2B3804C6009B4F08 /* fake_artist_iosApp.swift */ = {isa = PBXFileReference; lastKnownFileType = sourcecode.swift; path = fake_artist_iosApp.swift; sourceTree = "<group>"; };
		0CE5C4ED2B3804C6009B4F08 /* Home.swift */ = {isa = PBXFileReference; lastKnownFileType = sourcecode.swift; path = Home.swift; sourceTree = "<group>"; };
		0CE5C4EF2B3804C7009B4F08 /* Assets.xcassets */ = {isa = PBXFileReference; lastKnownFileType = folder.assetcatalog; path = Assets.xcassets; sourceTree = "<group>"; };
		0CE5C4F22B3804C7009B4F08 /* Preview Assets.xcassets */ = {isa = PBXFileReference; lastKnownFileType = folder.assetcatalog; path = "Preview Assets.xcassets"; sourceTree = "<group>"; };
		0CE5C4F82B3804C7009B4F08 /* fake-artist-iosTests.xctest */ = {isa = PBXFileReference; explicitFileType = wrapper.cfbundle; includeInIndex = 0; path = "fake-artist-iosTests.xctest"; sourceTree = BUILT_PRODUCTS_DIR; };
		0CE5C4FC2B3804C7009B4F08 /* fake_artist_iosTests.swift */ = {isa = PBXFileReference; lastKnownFileType = sourcecode.swift; path = fake_artist_iosTests.swift; sourceTree = "<group>"; };
		0CE5C5022B3804C7009B4F08 /* fake-artist-iosUITests.xctest */ = {isa = PBXFileReference; explicitFileType = wrapper.cfbundle; includeInIndex = 0; path = "fake-artist-iosUITests.xctest"; sourceTree = BUILT_PRODUCTS_DIR; };
		0CE5C5062B3804C7009B4F08 /* fake_artist_iosUITests.swift */ = {isa = PBXFileReference; lastKnownFileType = sourcecode.swift; path = fake_artist_iosUITests.swift; sourceTree = "<group>"; };
		0CE5C5082B3804C7009B4F08 /* fake_artist_iosUITestsLaunchTests.swift */ = {isa = PBXFileReference; lastKnownFileType = sourcecode.swift; path = fake_artist_iosUITestsLaunchTests.swift; sourceTree = "<group>"; };
/* End PBXFileReference section */

/* Begin PBXFrameworksBuildPhase section */
		0CE5C4E52B3804C6009B4F08 /* Frameworks */ = {
			isa = PBXFrameworksBuildPhase;
			buildActionMask = 2147483647;
			files = (
				0C3618DA2B3F8DA30063C700 /* SocketIO in Frameworks */,
			);
			runOnlyForDeploymentPostprocessing = 0;
		};
		0CE5C4F52B3804C7009B4F08 /* Frameworks */ = {
			isa = PBXFrameworksBuildPhase;
			buildActionMask = 2147483647;
			files = (
			);
			runOnlyForDeploymentPostprocessing = 0;
		};
		0CE5C4FF2B3804C7009B4F08 /* Frameworks */ = {
			isa = PBXFrameworksBuildPhase;
			buildActionMask = 2147483647;
			files = (
			);
			runOnlyForDeploymentPostprocessing = 0;
		};
/* End PBXFrameworksBuildPhase section */

/* Begin PBXGroup section */
		0CC27AE72B3D258400F88012 /* common */ = {
			isa = PBXGroup;
			children = (
				0CC27AE82B3D260400F88012 /* OutlineButtonStyle.swift */,
				0CC27AEA2B3D2F6900F88012 /* NewGameSheet.swift */,
				0CC27AEC2B3DF92A00F88012 /* JoinGameSheet.swift */,
				0C8B1F7F2B3FBFEA00D250CB /* GameCodeDisplay.swift */,
				0CCA6FF42B43A7D40013F21C /* JoinGamePlayers.swift */,
				0CCA6FF62B43C6EB0013F21C /* EnvironmentError.swift */,
				0CCA6FFA2B47BD2A0013F21C /* RoleDisplayView.swift */,
				0CCA6FFC2B4909E70013F21C /* VisualEffectView.swift */,
				0CCA6FFE2B4A76410013F21C /* QuestionMasterSayingThemeView.swift */,
				0CCA70002B53730D0013F21C /* CardView.swift */,
				0CCA70022B53B7660013F21C /* PickTitleAndThemeView.swift */,
				0C7A1E192B81940500EEF7A1 /* DrawCanvasView.swift */,
				0C7FAF912B8AC49800414335 /* VoteForPlayersOverlayView.swift */,
				0C7FAF932B93E77100414335 /* PointsDistributionView.swift */,
				0C7FAF952B942CC300414335 /* LoadingNewRoundView.swift */,
				0C7FAF972B9D050400414335 /* FakeArtistSayingTitleView.swift */,
				0C7FAF992B9D0A6100414335 /* GuessTitleView.swift */,
				0C7FAF9B2B9D0C2D00414335 /* SpeechBubbleTriangle.swift */,
				0C7FAF9D2B9D851500414335 /* GameWinnerView.swift */,
			);
			path = common;
			sourceTree = "<group>";
		};
		0CE5C4DF2B3804C6009B4F08 = {
			isa = PBXGroup;
			children = (
				0C3618D62B3F58F90063C700 /* .gitignore */,
				0CE5C4EA2B3804C6009B4F08 /* fake-artist-ios */,
				0CE5C4FB2B3804C7009B4F08 /* fake-artist-iosTests */,
				0CE5C5052B3804C7009B4F08 /* fake-artist-iosUITests */,
				0CE5C4E92B3804C6009B4F08 /* Products */,
			);
			sourceTree = "<group>";
		};
		0CE5C4E92B3804C6009B4F08 /* Products */ = {
			isa = PBXGroup;
			children = (
				0CE5C4E82B3804C6009B4F08 /* Fake Artist.app */,
				0CE5C4F82B3804C7009B4F08 /* fake-artist-iosTests.xctest */,
				0CE5C5022B3804C7009B4F08 /* fake-artist-iosUITests.xctest */,
			);
			name = Products;
			sourceTree = "<group>";
		};
		0CE5C4EA2B3804C6009B4F08 /* fake-artist-ios */ = {
			isa = PBXGroup;
			children = (
				0C8B1F812B3FD6EE00D250CB /* Info.plist */,
				0CC27AE72B3D258400F88012 /* common */,
				0CE5C4EB2B3804C6009B4F08 /* fake_artist_iosApp.swift */,
				0CE5C4ED2B3804C6009B4F08 /* Home.swift */,
				0C3618DB2B3F8DE80063C700 /* DrawingWebSocketManager.swift */,
				0CCA6FF82B47B4A70013F21C /* CanvasCommunicationWebSocketManager.swift */,
				0C8B1F822B3FE6E100D250CB /* GlobalStateManager.swift */,
				0C7FAF9F2BA6113A00414335 /* SubscriptionManager.swift */,
				0CE5C4EF2B3804C7009B4F08 /* Assets.xcassets */,
				0CE5C4F12B3804C7009B4F08 /* Preview Content */,
				0CCA6FF22B420C850013F21C /* CommunicationWebSocketManager.swift */,
				0C7A1E132B68AE3600EEF7A1 /* DrawingData.swift */,
			);
			path = "fake-artist-ios";
			sourceTree = "<group>";
		};
		0CE5C4F12B3804C7009B4F08 /* Preview Content */ = {
			isa = PBXGroup;
			children = (
				0CE5C4F22B3804C7009B4F08 /* Preview Assets.xcassets */,
			);
			path = "Preview Content";
			sourceTree = "<group>";
		};
		0CE5C4FB2B3804C7009B4F08 /* fake-artist-iosTests */ = {
			isa = PBXGroup;
			children = (
				0CE5C4FC2B3804C7009B4F08 /* fake_artist_iosTests.swift */,
			);
			path = "fake-artist-iosTests";
			sourceTree = "<group>";
		};
		0CE5C5052B3804C7009B4F08 /* fake-artist-iosUITests */ = {
			isa = PBXGroup;
			children = (
				0CE5C5062B3804C7009B4F08 /* fake_artist_iosUITests.swift */,
				0CE5C5082B3804C7009B4F08 /* fake_artist_iosUITestsLaunchTests.swift */,
			);
			path = "fake-artist-iosUITests";
			sourceTree = "<group>";
		};
/* End PBXGroup section */

/* Begin PBXNativeTarget section */
		0CE5C4E72B3804C6009B4F08 /* fake-artist-ios */ = {
			isa = PBXNativeTarget;
			buildConfigurationList = 0CE5C50C2B3804C7009B4F08 /* Build configuration list for PBXNativeTarget "fake-artist-ios" */;
			buildPhases = (
				0CE5C4E42B3804C6009B4F08 /* Sources */,
				0CE5C4E52B3804C6009B4F08 /* Frameworks */,
				0CE5C4E62B3804C6009B4F08 /* Resources */,
			);
			buildRules = (
			);
			dependencies = (
			);
			name = "fake-artist-ios";
			packageProductDependencies = (
				0C3618D92B3F8DA30063C700 /* SocketIO */,
			);
			productName = "fake-artist-ios";
			productReference = 0CE5C4E82B3804C6009B4F08 /* Fake Artist.app */;
			productType = "com.apple.product-type.application";
		};
		0CE5C4F72B3804C7009B4F08 /* fake-artist-iosTests */ = {
			isa = PBXNativeTarget;
			buildConfigurationList = 0CE5C50F2B3804C7009B4F08 /* Build configuration list for PBXNativeTarget "fake-artist-iosTests" */;
			buildPhases = (
				0CE5C4F42B3804C7009B4F08 /* Sources */,
				0CE5C4F52B3804C7009B4F08 /* Frameworks */,
				0CE5C4F62B3804C7009B4F08 /* Resources */,
			);
			buildRules = (
			);
			dependencies = (
				0CE5C4FA2B3804C7009B4F08 /* PBXTargetDependency */,
			);
			name = "fake-artist-iosTests";
			productName = "fake-artist-iosTests";
			productReference = 0CE5C4F82B3804C7009B4F08 /* fake-artist-iosTests.xctest */;
			productType = "com.apple.product-type.bundle.unit-test";
		};
		0CE5C5012B3804C7009B4F08 /* fake-artist-iosUITests */ = {
			isa = PBXNativeTarget;
			buildConfigurationList = 0CE5C5122B3804C7009B4F08 /* Build configuration list for PBXNativeTarget "fake-artist-iosUITests" */;
			buildPhases = (
				0CE5C4FE2B3804C7009B4F08 /* Sources */,
				0CE5C4FF2B3804C7009B4F08 /* Frameworks */,
				0CE5C5002B3804C7009B4F08 /* Resources */,
			);
			buildRules = (
			);
			dependencies = (
				0CE5C5042B3804C7009B4F08 /* PBXTargetDependency */,
			);
			name = "fake-artist-iosUITests";
			productName = "fake-artist-iosUITests";
			productReference = 0CE5C5022B3804C7009B4F08 /* fake-artist-iosUITests.xctest */;
			productType = "com.apple.product-type.bundle.ui-testing";
		};
/* End PBXNativeTarget section */

/* Begin PBXProject section */
		0CE5C4E02B3804C6009B4F08 /* Project object */ = {
			isa = PBXProject;
			attributes = {
				BuildIndependentTargetsInParallel = 1;
				LastSwiftUpdateCheck = 1430;
				LastUpgradeCheck = 1430;
				TargetAttributes = {
					0CE5C4E72B3804C6009B4F08 = {
						CreatedOnToolsVersion = 14.3.1;
					};
					0CE5C4F72B3804C7009B4F08 = {
						CreatedOnToolsVersion = 14.3.1;
						TestTargetID = 0CE5C4E72B3804C6009B4F08;
					};
					0CE5C5012B3804C7009B4F08 = {
						CreatedOnToolsVersion = 14.3.1;
						TestTargetID = 0CE5C4E72B3804C6009B4F08;
					};
				};
			};
			buildConfigurationList = 0CE5C4E32B3804C6009B4F08 /* Build configuration list for PBXProject "fake-artist-ios" */;
			compatibilityVersion = "Xcode 14.0";
			developmentRegion = en;
			hasScannedForEncodings = 0;
			knownRegions = (
				en,
				Base,
			);
			mainGroup = 0CE5C4DF2B3804C6009B4F08;
			packageReferences = (
				0C3618D82B3F8DA30063C700 /* XCRemoteSwiftPackageReference "socket.io-client-swift" */,
			);
			productRefGroup = 0CE5C4E92B3804C6009B4F08 /* Products */;
			projectDirPath = "";
			projectRoot = "";
			targets = (
				0CE5C4E72B3804C6009B4F08 /* fake-artist-ios */,
				0CE5C4F72B3804C7009B4F08 /* fake-artist-iosTests */,
				0CE5C5012B3804C7009B4F08 /* fake-artist-iosUITests */,
			);
		};
/* End PBXProject section */

/* Begin PBXResourcesBuildPhase section */
		0CE5C4E62B3804C6009B4F08 /* Resources */ = {
			isa = PBXResourcesBuildPhase;
			buildActionMask = 2147483647;
			files = (
				0CE5C4F32B3804C7009B4F08 /* Preview Assets.xcassets in Resources */,
				0C3618D72B3F58F90063C700 /* .gitignore in Resources */,
				0CE5C4F02B3804C7009B4F08 /* Assets.xcassets in Resources */,
			);
			runOnlyForDeploymentPostprocessing = 0;
		};
		0CE5C4F62B3804C7009B4F08 /* Resources */ = {
			isa = PBXResourcesBuildPhase;
			buildActionMask = 2147483647;
			files = (
			);
			runOnlyForDeploymentPostprocessing = 0;
		};
		0CE5C5002B3804C7009B4F08 /* Resources */ = {
			isa = PBXResourcesBuildPhase;
			buildActionMask = 2147483647;
			files = (
			);
			runOnlyForDeploymentPostprocessing = 0;
		};
/* End PBXResourcesBuildPhase section */

/* Begin PBXSourcesBuildPhase section */
		0CE5C4E42B3804C6009B4F08 /* Sources */ = {
			isa = PBXSourcesBuildPhase;
			buildActionMask = 2147483647;
			files = (
				0C7FAF9C2B9D0C2D00414335 /* SpeechBubbleTriangle.swift in Sources */,
				0C7A1E1A2B81940500EEF7A1 /* DrawCanvasView.swift in Sources */,
				0C7FAF962B942CC300414335 /* LoadingNewRoundView.swift in Sources */,
				0C8B1F832B3FE6E100D250CB /* GlobalStateManager.swift in Sources */,
				0CC27AED2B3DF92A00F88012 /* JoinGameSheet.swift in Sources */,
				0CCA6FFF2B4A76410013F21C /* QuestionMasterSayingThemeView.swift in Sources */,
				0C7A1E142B68AE3600EEF7A1 /* DrawingData.swift in Sources */,
				0CCA6FF92B47B4A70013F21C /* CanvasCommunicationWebSocketManager.swift in Sources */,
				0CCA6FF52B43A7D40013F21C /* JoinGamePlayers.swift in Sources */,
				0C7FAF9E2B9D851500414335 /* GameWinnerView.swift in Sources */,
				0CC27AEB2B3D2F6900F88012 /* NewGameSheet.swift in Sources */,
				0C7FAF982B9D050400414335 /* FakeArtistSayingTitleView.swift in Sources */,
				0CCA6FF32B420C850013F21C /* CommunicationWebSocketManager.swift in Sources */,
				0C7FAF9A2B9D0A6100414335 /* GuessTitleView.swift in Sources */,
				0C7FAFA02BA6113A00414335 /* SubscriptionManager.swift in Sources */,
				0CC27AE92B3D260400F88012 /* OutlineButtonStyle.swift in Sources */,
				0C8B1F802B3FBFEA00D250CB /* GameCodeDisplay.swift in Sources */,
				0CE5C4EE2B3804C6009B4F08 /* Home.swift in Sources */,
				0CCA6FFD2B4909E70013F21C /* VisualEffectView.swift in Sources */,
				0CE5C4EC2B3804C6009B4F08 /* fake_artist_iosApp.swift in Sources */,
				0CCA6FF72B43C6EB0013F21C /* EnvironmentError.swift in Sources */,
				0C7FAF942B93E77100414335 /* PointsDistributionView.swift in Sources */,
				0CCA70032B53B7660013F21C /* PickTitleAndThemeView.swift in Sources */,
				0C7FAF922B8AC49800414335 /* VoteForPlayersOverlayView.swift in Sources */,
				0C3618DC2B3F8DE80063C700 /* DrawingWebSocketManager.swift in Sources */,
				0CCA70012B53730D0013F21C /* CardView.swift in Sources */,
				0CCA6FFB2B47BD2A0013F21C /* RoleDisplayView.swift in Sources */,
			);
			runOnlyForDeploymentPostprocessing = 0;
		};
		0CE5C4F42B3804C7009B4F08 /* Sources */ = {
			isa = PBXSourcesBuildPhase;
			buildActionMask = 2147483647;
			files = (
				0CE5C4FD2B3804C7009B4F08 /* fake_artist_iosTests.swift in Sources */,
			);
			runOnlyForDeploymentPostprocessing = 0;
		};
		0CE5C4FE2B3804C7009B4F08 /* Sources */ = {
			isa = PBXSourcesBuildPhase;
			buildActionMask = 2147483647;
			files = (
				0CE5C5092B3804C7009B4F08 /* fake_artist_iosUITestsLaunchTests.swift in Sources */,
				0CE5C5072B3804C7009B4F08 /* fake_artist_iosUITests.swift in Sources */,
			);
			runOnlyForDeploymentPostprocessing = 0;
		};
/* End PBXSourcesBuildPhase section */

/* Begin PBXTargetDependency section */
		0CE5C4FA2B3804C7009B4F08 /* PBXTargetDependency */ = {
			isa = PBXTargetDependency;
			target = 0CE5C4E72B3804C6009B4F08 /* fake-artist-ios */;
			targetProxy = 0CE5C4F92B3804C7009B4F08 /* PBXContainerItemProxy */;
		};
		0CE5C5042B3804C7009B4F08 /* PBXTargetDependency */ = {
			isa = PBXTargetDependency;
			target = 0CE5C4E72B3804C6009B4F08 /* fake-artist-ios */;
			targetProxy = 0CE5C5032B3804C7009B4F08 /* PBXContainerItemProxy */;
		};
/* End PBXTargetDependency section */

/* Begin XCBuildConfiguration section */
		0CE5C50A2B3804C7009B4F08 /* Debug */ = {
			isa = XCBuildConfiguration;
			buildSettings = {
				ALWAYS_SEARCH_USER_PATHS = NO;
				CLANG_ANALYZER_NONNULL = YES;
				CLANG_ANALYZER_NUMBER_OBJECT_CONVERSION = YES_AGGRESSIVE;
				CLANG_CXX_LANGUAGE_STANDARD = "gnu++20";
				CLANG_ENABLE_MODULES = YES;
				CLANG_ENABLE_OBJC_ARC = YES;
				CLANG_ENABLE_OBJC_WEAK = YES;
				CLANG_WARN_BLOCK_CAPTURE_AUTORELEASING = YES;
				CLANG_WARN_BOOL_CONVERSION = YES;
				CLANG_WARN_COMMA = YES;
				CLANG_WARN_CONSTANT_CONVERSION = YES;
				CLANG_WARN_DEPRECATED_OBJC_IMPLEMENTATIONS = YES;
				CLANG_WARN_DIRECT_OBJC_ISA_USAGE = YES_ERROR;
				CLANG_WARN_DOCUMENTATION_COMMENTS = YES;
				CLANG_WARN_EMPTY_BODY = YES;
				CLANG_WARN_ENUM_CONVERSION = YES;
				CLANG_WARN_INFINITE_RECURSION = YES;
				CLANG_WARN_INT_CONVERSION = YES;
				CLANG_WARN_NON_LITERAL_NULL_CONVERSION = YES;
				CLANG_WARN_OBJC_IMPLICIT_RETAIN_SELF = YES;
				CLANG_WARN_OBJC_LITERAL_CONVERSION = YES;
				CLANG_WARN_OBJC_ROOT_CLASS = YES_ERROR;
				CLANG_WARN_QUOTED_INCLUDE_IN_FRAMEWORK_HEADER = YES;
				CLANG_WARN_RANGE_LOOP_ANALYSIS = YES;
				CLANG_WARN_STRICT_PROTOTYPES = YES;
				CLANG_WARN_SUSPICIOUS_MOVE = YES;
				CLANG_WARN_UNGUARDED_AVAILABILITY = YES_AGGRESSIVE;
				CLANG_WARN_UNREACHABLE_CODE = YES;
				CLANG_WARN__DUPLICATE_METHOD_MATCH = YES;
				COPY_PHASE_STRIP = NO;
				DEBUG_INFORMATION_FORMAT = dwarf;
				ENABLE_STRICT_OBJC_MSGSEND = YES;
				ENABLE_TESTABILITY = YES;
				GCC_C_LANGUAGE_STANDARD = gnu11;
				GCC_DYNAMIC_NO_PIC = NO;
				GCC_NO_COMMON_BLOCKS = YES;
				GCC_OPTIMIZATION_LEVEL = 0;
				GCC_PREPROCESSOR_DEFINITIONS = (
					"DEBUG=1",
					"$(inherited)",
				);
				GCC_WARN_64_TO_32_BIT_CONVERSION = YES;
				GCC_WARN_ABOUT_RETURN_TYPE = YES_ERROR;
				GCC_WARN_UNDECLARED_SELECTOR = YES;
				GCC_WARN_UNINITIALIZED_AUTOS = YES_AGGRESSIVE;
				GCC_WARN_UNUSED_FUNCTION = YES;
				GCC_WARN_UNUSED_VARIABLE = YES;
				IPHONEOS_DEPLOYMENT_TARGET = 16.4;
				MTL_ENABLE_DEBUG_INFO = INCLUDE_SOURCE;
				MTL_FAST_MATH = YES;
				ONLY_ACTIVE_ARCH = YES;
				PRODUCT_NAME = "Fake Artist";
				SDKROOT = iphoneos;
				SWIFT_ACTIVE_COMPILATION_CONDITIONS = DEBUG;
				SWIFT_OPTIMIZATION_LEVEL = "-Onone";
			};
			name = Debug;
		};
		0CE5C50B2B3804C7009B4F08 /* Release */ = {
			isa = XCBuildConfiguration;
			buildSettings = {
				ALWAYS_SEARCH_USER_PATHS = NO;
				CLANG_ANALYZER_NONNULL = YES;
				CLANG_ANALYZER_NUMBER_OBJECT_CONVERSION = YES_AGGRESSIVE;
				CLANG_CXX_LANGUAGE_STANDARD = "gnu++20";
				CLANG_ENABLE_MODULES = YES;
				CLANG_ENABLE_OBJC_ARC = YES;
				CLANG_ENABLE_OBJC_WEAK = YES;
				CLANG_WARN_BLOCK_CAPTURE_AUTORELEASING = YES;
				CLANG_WARN_BOOL_CONVERSION = YES;
				CLANG_WARN_COMMA = YES;
				CLANG_WARN_CONSTANT_CONVERSION = YES;
				CLANG_WARN_DEPRECATED_OBJC_IMPLEMENTATIONS = YES;
				CLANG_WARN_DIRECT_OBJC_ISA_USAGE = YES_ERROR;
				CLANG_WARN_DOCUMENTATION_COMMENTS = YES;
				CLANG_WARN_EMPTY_BODY = YES;
				CLANG_WARN_ENUM_CONVERSION = YES;
				CLANG_WARN_INFINITE_RECURSION = YES;
				CLANG_WARN_INT_CONVERSION = YES;
				CLANG_WARN_NON_LITERAL_NULL_CONVERSION = YES;
				CLANG_WARN_OBJC_IMPLICIT_RETAIN_SELF = YES;
				CLANG_WARN_OBJC_LITERAL_CONVERSION = YES;
				CLANG_WARN_OBJC_ROOT_CLASS = YES_ERROR;
				CLANG_WARN_QUOTED_INCLUDE_IN_FRAMEWORK_HEADER = YES;
				CLANG_WARN_RANGE_LOOP_ANALYSIS = YES;
				CLANG_WARN_STRICT_PROTOTYPES = YES;
				CLANG_WARN_SUSPICIOUS_MOVE = YES;
				CLANG_WARN_UNGUARDED_AVAILABILITY = YES_AGGRESSIVE;
				CLANG_WARN_UNREACHABLE_CODE = YES;
				CLANG_WARN__DUPLICATE_METHOD_MATCH = YES;
				COPY_PHASE_STRIP = NO;
				DEBUG_INFORMATION_FORMAT = "dwarf-with-dsym";
				ENABLE_NS_ASSERTIONS = NO;
				ENABLE_STRICT_OBJC_MSGSEND = YES;
				GCC_C_LANGUAGE_STANDARD = gnu11;
				GCC_NO_COMMON_BLOCKS = YES;
				GCC_WARN_64_TO_32_BIT_CONVERSION = YES;
				GCC_WARN_ABOUT_RETURN_TYPE = YES_ERROR;
				GCC_WARN_UNDECLARED_SELECTOR = YES;
				GCC_WARN_UNINITIALIZED_AUTOS = YES_AGGRESSIVE;
				GCC_WARN_UNUSED_FUNCTION = YES;
				GCC_WARN_UNUSED_VARIABLE = YES;
				IPHONEOS_DEPLOYMENT_TARGET = 16.4;
				MTL_ENABLE_DEBUG_INFO = NO;
				MTL_FAST_MATH = YES;
				PRODUCT_NAME = "Fake Artist";
				SDKROOT = iphoneos;
				SWIFT_COMPILATION_MODE = wholemodule;
				SWIFT_OPTIMIZATION_LEVEL = "-O";
				VALIDATE_PRODUCT = YES;
			};
			name = Release;
		};
		0CE5C50D2B3804C7009B4F08 /* Debug */ = {
			isa = XCBuildConfiguration;
			buildSettings = {
				ASSETCATALOG_COMPILER_APPICON_NAME = AppIcon;
				ASSETCATALOG_COMPILER_GLOBAL_ACCENT_COLOR_NAME = AccentColor;
				ASSETCATALOG_COMPILER_INCLUDE_ALL_APPICON_ASSETS = NO;
				CODE_SIGN_STYLE = Automatic;
				CURRENT_PROJECT_VERSION = 1;
				DEVELOPMENT_ASSET_PATHS = "\"fake-artist-ios/Preview Content\"";
				DEVELOPMENT_TEAM = YT6MQG3GTD;
				ENABLE_PREVIEWS = YES;
				GENERATE_INFOPLIST_FILE = YES;
				INFOPLIST_FILE = "fake-artist-ios/Info.plist";
				INFOPLIST_KEY_CFBundleDisplayName = "Fake Artist";
				INFOPLIST_KEY_UIApplicationSceneManifest_Generation = YES;
				INFOPLIST_KEY_UIApplicationSupportsIndirectInputEvents = YES;
				INFOPLIST_KEY_UILaunchScreen_Generation = YES;
				INFOPLIST_KEY_UISupportedInterfaceOrientations = UIInterfaceOrientationPortrait;
				LD_RUNPATH_SEARCH_PATHS = (
					"$(inherited)",
					"@executable_path/Frameworks",
				);
				MARKETING_VERSION = 1.0;
				PRODUCT_BUNDLE_IDENTIFIER = "com.fakeartist.fake-artist-ios";
				PRODUCT_NAME = "$(PRODUCT_NAME)";
				SWIFT_EMIT_LOC_STRINGS = YES;
				SWIFT_VERSION = 5.0;
				TARGETED_DEVICE_FAMILY = "1,2";
			};
			name = Debug;
		};
		0CE5C50E2B3804C7009B4F08 /* Release */ = {
			isa = XCBuildConfiguration;
			buildSettings = {
				ASSETCATALOG_COMPILER_APPICON_NAME = AppIcon;
				ASSETCATALOG_COMPILER_GLOBAL_ACCENT_COLOR_NAME = AccentColor;
				ASSETCATALOG_COMPILER_INCLUDE_ALL_APPICON_ASSETS = NO;
				CODE_SIGN_STYLE = Automatic;
				CURRENT_PROJECT_VERSION = 1;
				DEVELOPMENT_ASSET_PATHS = "\"fake-artist-ios/Preview Content\"";
				DEVELOPMENT_TEAM = YT6MQG3GTD;
				ENABLE_PREVIEWS = YES;
				GENERATE_INFOPLIST_FILE = YES;
				INFOPLIST_FILE = "fake-artist-ios/Info.plist";
				INFOPLIST_KEY_CFBundleDisplayName = "Fake Artist";
				INFOPLIST_KEY_UIApplicationSceneManifest_Generation = YES;
				INFOPLIST_KEY_UIApplicationSupportsIndirectInputEvents = YES;
				INFOPLIST_KEY_UILaunchScreen_Generation = YES;
				INFOPLIST_KEY_UISupportedInterfaceOrientations = UIInterfaceOrientationPortrait;
				LD_RUNPATH_SEARCH_PATHS = (
					"$(inherited)",
					"@executable_path/Frameworks",
				);
				MARKETING_VERSION = 1.0;
				PRODUCT_BUNDLE_IDENTIFIER = "com.fakeartist.fake-artist-ios";
				PRODUCT_NAME = "$(PRODUCT_NAME)";
				SWIFT_EMIT_LOC_STRINGS = YES;
				SWIFT_VERSION = 5.0;
				TARGETED_DEVICE_FAMILY = "1,2";
			};
			name = Release;
		};
		0CE5C5102B3804C7009B4F08 /* Debug */ = {
			isa = XCBuildConfiguration;
			buildSettings = {
				ALWAYS_EMBED_SWIFT_STANDARD_LIBRARIES = YES;
				BUNDLE_LOADER = "$(TEST_HOST)";
				CODE_SIGN_STYLE = Automatic;
				CURRENT_PROJECT_VERSION = 1;
				GENERATE_INFOPLIST_FILE = YES;
				IPHONEOS_DEPLOYMENT_TARGET = 16.4;
				MARKETING_VERSION = 1.0;
				PRODUCT_BUNDLE_IDENTIFIER = "com.fakeartist.fake-artist-iosTests";
				PRODUCT_NAME = "$(TARGET_NAME)";
				SWIFT_EMIT_LOC_STRINGS = NO;
				SWIFT_VERSION = 5.0;
				TARGETED_DEVICE_FAMILY = "1,2";
				TEST_HOST = "$(BUILT_PRODUCTS_DIR)/fake-artist-ios.app/$(BUNDLE_EXECUTABLE_FOLDER_PATH)/fake-artist-ios";
			};
			name = Debug;
		};
		0CE5C5112B3804C7009B4F08 /* Release */ = {
			isa = XCBuildConfiguration;
			buildSettings = {
				ALWAYS_EMBED_SWIFT_STANDARD_LIBRARIES = YES;
				BUNDLE_LOADER = "$(TEST_HOST)";
				CODE_SIGN_STYLE = Automatic;
				CURRENT_PROJECT_VERSION = 1;
				GENERATE_INFOPLIST_FILE = YES;
				IPHONEOS_DEPLOYMENT_TARGET = 16.4;
				MARKETING_VERSION = 1.0;
				PRODUCT_BUNDLE_IDENTIFIER = "com.fakeartist.fake-artist-iosTests";
				PRODUCT_NAME = "$(TARGET_NAME)";
				SWIFT_EMIT_LOC_STRINGS = NO;
				SWIFT_VERSION = 5.0;
				TARGETED_DEVICE_FAMILY = "1,2";
				TEST_HOST = "$(BUILT_PRODUCTS_DIR)/fake-artist-ios.app/$(BUNDLE_EXECUTABLE_FOLDER_PATH)/fake-artist-ios";
			};
			name = Release;
		};
		0CE5C5132B3804C7009B4F08 /* Debug */ = {
			isa = XCBuildConfiguration;
			buildSettings = {
				ALWAYS_EMBED_SWIFT_STANDARD_LIBRARIES = YES;
				CODE_SIGN_STYLE = Automatic;
				CURRENT_PROJECT_VERSION = 1;
				GENERATE_INFOPLIST_FILE = YES;
				MARKETING_VERSION = 1.0;
				PRODUCT_BUNDLE_IDENTIFIER = "com.fakeartist.fake-artist-iosUITests";
				PRODUCT_NAME = "$(TARGET_NAME)";
				SWIFT_EMIT_LOC_STRINGS = NO;
				SWIFT_VERSION = 5.0;
				TARGETED_DEVICE_FAMILY = "1,2";
				TEST_TARGET_NAME = "fake-artist-ios";
			};
			name = Debug;
		};
		0CE5C5142B3804C7009B4F08 /* Release */ = {
			isa = XCBuildConfiguration;
			buildSettings = {
				ALWAYS_EMBED_SWIFT_STANDARD_LIBRARIES = YES;
				CODE_SIGN_STYLE = Automatic;
				CURRENT_PROJECT_VERSION = 1;
				GENERATE_INFOPLIST_FILE = YES;
				MARKETING_VERSION = 1.0;
				PRODUCT_BUNDLE_IDENTIFIER = "com.fakeartist.fake-artist-iosUITests";
				PRODUCT_NAME = "$(TARGET_NAME)";
				SWIFT_EMIT_LOC_STRINGS = NO;
				SWIFT_VERSION = 5.0;
				TARGETED_DEVICE_FAMILY = "1,2";
				TEST_TARGET_NAME = "fake-artist-ios";
			};
			name = Release;
		};
/* End XCBuildConfiguration section */

/* Begin XCConfigurationList section */
		0CE5C4E32B3804C6009B4F08 /* Build configuration list for PBXProject "fake-artist-ios" */ = {
			isa = XCConfigurationList;
			buildConfigurations = (
				0CE5C50A2B3804C7009B4F08 /* Debug */,
				0CE5C50B2B3804C7009B4F08 /* Release */,
			);
			defaultConfigurationIsVisible = 0;
			defaultConfigurationName = Release;
		};
		0CE5C50C2B3804C7009B4F08 /* Build configuration list for PBXNativeTarget "fake-artist-ios" */ = {
			isa = XCConfigurationList;
			buildConfigurations = (
				0CE5C50D2B3804C7009B4F08 /* Debug */,
				0CE5C50E2B3804C7009B4F08 /* Release */,
			);
			defaultConfigurationIsVisible = 0;
			defaultConfigurationName = Release;
		};
		0CE5C50F2B3804C7009B4F08 /* Build configuration list for PBXNativeTarget "fake-artist-iosTests" */ = {
			isa = XCConfigurationList;
			buildConfigurations = (
				0CE5C5102B3804C7009B4F08 /* Debug */,
				0CE5C5112B3804C7009B4F08 /* Release */,
			);
			defaultConfigurationIsVisible = 0;
			defaultConfigurationName = Release;
		};
		0CE5C5122B3804C7009B4F08 /* Build configuration list for PBXNativeTarget "fake-artist-iosUITests" */ = {
			isa = XCConfigurationList;
			buildConfigurations = (
				0CE5C5132B3804C7009B4F08 /* Debug */,
				0CE5C5142B3804C7009B4F08 /* Release */,
			);
			defaultConfigurationIsVisible = 0;
			defaultConfigurationName = Release;
		};
/* End XCConfigurationList section */

/* Begin XCRemoteSwiftPackageReference section */
		0C3618D82B3F8DA30063C700 /* XCRemoteSwiftPackageReference "socket.io-client-swift" */ = {
			isa = XCRemoteSwiftPackageReference;
			repositoryURL = "https://github.com/socketio/socket.io-client-swift.git";
			requirement = {
				branch = master;
				kind = branch;
			};
		};
/* End XCRemoteSwiftPackageReference section */

/* Begin XCSwiftPackageProductDependency section */
		0C3618D92B3F8DA30063C700 /* SocketIO */ = {
			isa = XCSwiftPackageProductDependency;
			package = 0C3618D82B3F8DA30063C700 /* XCRemoteSwiftPackageReference "socket.io-client-swift" */;
			productName = SocketIO;
		};
/* End XCSwiftPackageProductDependency section */
	};
	rootObject = 0CE5C4E02B3804C6009B4F08 /* Project object */;
}
